
Microsoft Visual Studio Solution File, Format Version 12.00
Project("{FAE04EC0-301F-11D3-BF4B-00C04F79EFBC}") = "Cw2", "Cw2\Cw2.csproj", "{A424E381-7D24-4648-B2A4-D39D30FA8F99}"
EndProject
Global
	GlobalSection(SolutionConfigurationPlatforms) = preSolution
		Debug|Any CPU = Debug|Any CPU
		Release|Any CPU = Release|Any CPU
	EndGlobalSection
	GlobalSection(ProjectConfigurationPlatforms) = postSolution
		{A424E381-7D24-4648-B2A4-D39D30FA8F99}.Debug|Any CPU.ActiveCfg = Debug|Any CPU
		{A424E381-7D24-4648-B2A4-D39D30FA8F99}.Debug|Any CPU.Build.0 = Debug|Any CPU
		{A424E381-7D24-4648-B2A4-D39D30FA8F99}.Release|Any CPU.ActiveCfg = Release|Any CPU
		{A424E381-7D24-4648-B2A4-D39D30FA8F99}.Release|Any CPU.Build.0 = Release|Any CPU
	EndGlobalSection
EndGlobal
